
Microsoft Visual Studio Solution File, Format Version 12.00
# Visual Studio Version 17
VisualStudioVersion = 17.5.33424.131
MinimumVisualStudioVersion = 10.0.40219.1
Project("{FAE04EC0-301F-11D3-BF4B-00C04F79EFBC}") = "PasswordCheckerBackend", "PasswordCheckerBackend.csproj", "{B6B52E12-79BB-4A99-AA1F-3C9B55CDB6EC}"
EndProject
Global
	GlobalSection(SolutionConfigurationPlatforms) = preSolution
		Debug|Any CPU = Debug|Any CPU
		Release|Any CPU = Release|Any CPU
	EndGlobalSection
	GlobalSection(ProjectConfigurationPlatforms) = postSolution
		{B6B52E12-79BB-4A99-AA1F-3C9B55CDB6EC}.Debug|Any CPU.ActiveCfg = Debug|Any CPU
		{B6B52E12-79BB-4A99-AA1F-3C9B55CDB6EC}.Debug|Any CPU.Build.0 = Debug|Any CPU
		{B6B52E12-79BB-4A99-AA1F-3C9B55CDB6EC}.Release|Any CPU.ActiveCfg = Release|Any CPU
		{B6B52E12-79BB-4A99-AA1F-3C9B55CDB6EC}.Release|Any CPU.Build.0 = Release|Any CPU
	EndGlobalSection
	GlobalSection(SolutionProperties) = preSolution
		HideSolutionNode = FALSE
	EndGlobalSection
	GlobalSection(ExtensibilityGlobals) = postSolution
		SolutionGuid = {6B738E19-041B-4F35-B1EC-34D99D27BF67}
	EndGlobalSection
EndGlobal
